
Microsoft Visual Studio Solution File, Format Version 12.00
# Visual Studio Version 17
VisualStudioVersion = 17.13.35919.96
MinimumVisualStudioVersion = 10.0.40219.1
Project("{FAE04EC0-301F-11D3-BF4B-00C04F79EFBC}") = "Honse.API", "Honse.API\Honse.API.csproj", "{3CF479D1-6CF3-4B01-AFC9-9AB80006F2E6}"
	ProjectSection(ProjectDependencies) = postProject
		{2A2AEC8E-84CE-455D-9DF1-700F1663FC85} = {2A2AEC8E-84CE-455D-9DF1-700F1663FC85}
		{C11B8DA8-B1F7-4ADE-BDE7-41444A440747} = {C11B8DA8-B1F7-4ADE-BDE7-41444A440747}
		{D55C3214-56C2-4985-859F-09483138F809} = {D55C3214-56C2-4985-859F-09483138F809}
	EndProjectSection
EndProject
Project("{FAE04EC0-301F-11D3-BF4B-00C04F79EFBC}") = "Honse.Managers", "Honse.Managers\Honse.Managers.csproj", "{D55C3214-56C2-4985-859F-09483138F809}"
	ProjectSection(ProjectDependencies) = postProject
		{2A2AEC8E-84CE-455D-9DF1-700F1663FC85} = {2A2AEC8E-84CE-455D-9DF1-700F1663FC85}
		{C11B8DA8-B1F7-4ADE-BDE7-41444A440747} = {C11B8DA8-B1F7-4ADE-BDE7-41444A440747}
	EndProjectSection
EndProject
Project("{FAE04EC0-301F-11D3-BF4B-00C04F79EFBC}") = "Honse.Resources", "Honse.Resources\Honse.Resources.csproj", "{2A2AEC8E-84CE-455D-9DF1-700F1663FC85}"
	ProjectSection(ProjectDependencies) = postProject
		{C11B8DA8-B1F7-4ADE-BDE7-41444A440747} = {C11B8DA8-B1F7-4ADE-BDE7-41444A440747}
	EndProjectSection
EndProject
Project("{FAE04EC0-301F-11D3-BF4B-00C04F79EFBC}") = "Honse.Global", "Honse.Global\Honse.Global.csproj", "{C11B8DA8-B1F7-4ADE-BDE7-41444A440747}"
EndProject
Project("{FAE04EC0-301F-11D3-BF4B-00C04F79EFBC}") = "Honse.Tests", "Honse.Tests\Honse.Tests.csproj", "{4CFBDC90-72F7-4A03-89BE-1724E6CBA95F}"
EndProject
Project("{2150E333-8FDC-42A3-9474-1A3956D46DE8}") = "Engines", "Engines", "{02EA681E-C7D8-13C7-8484-4AC65E1B71E8}"
EndProject
Project("{FAE04EC0-301F-11D3-BF4B-00C04F79EFBC}") = "Honse.Engines.Common", "Honse.Engines.Interfaces\Honse.Engines.Common.csproj", "{31A5B94E-B666-4099-A3CB-0233E6DF2FBE}"
EndProject
Project("{FAE04EC0-301F-11D3-BF4B-00C04F79EFBC}") = "Honse.Engines.Validation", "Honse.Engines.Validation\Honse.Engines.Validation.csproj", "{0649EF18-BD61-479C-8F0C-07C81C9F4946}"
EndProject
Project("{FAE04EC0-301F-11D3-BF4B-00C04F79EFBC}") = "Honse.Engines.Filtering", "Honse.Engines.Filtering\Honse.Engines.Filtering.csproj", "{4B7C301C-82AE-4024-AA96-65AA8DFD4CBB}"
EndProject
Project("{2150E333-8FDC-42A3-9474-1A3956D46DE8}") = "Resources", "Resources", "{DFA41455-D85F-4F56-AA9E-990F5C50AC8B}"
EndProject
Project("{FAE04EC0-301F-11D3-BF4B-00C04F79EFBC}") = "Honse.Resources.Interfaces", "Honse.Resources.Interfaces\Honse.Resources.Interfaces.csproj", "{A67D0C81-4BD3-4A03-8933-617604EFAD80}"
EndProject
Project("{FAE04EC0-301F-11D3-BF4B-00C04F79EFBC}") = "Honse.Services", "Honse.Services\Honse.Services.csproj", "{714E1811-7370-4572-8E61-275FBBBBB86D}"
EndProject
Project("{FAE04EC0-301F-11D3-BF4B-00C04F79EFBC}") = "Honse.Engines.Processing", "Honse.Engines.Processing\Honse.Engines.Processing.csproj", "{541EC810-5C14-4828-94BA-2B5647B9CC1D}"
EndProject
Global
	GlobalSection(SolutionConfigurationPlatforms) = preSolution
		Debug|Any CPU = Debug|Any CPU
		Release|Any CPU = Release|Any CPU
	EndGlobalSection
	GlobalSection(ProjectConfigurationPlatforms) = postSolution
		{3CF479D1-6CF3-4B01-AFC9-9AB80006F2E6}.Debug|Any CPU.ActiveCfg = Debug|Any CPU
		{3CF479D1-6CF3-4B01-AFC9-9AB80006F2E6}.Debug|Any CPU.Build.0 = Debug|Any CPU
		{3CF479D1-6CF3-4B01-AFC9-9AB80006F2E6}.Release|Any CPU.ActiveCfg = Release|Any CPU
		{3CF479D1-6CF3-4B01-AFC9-9AB80006F2E6}.Release|Any CPU.Build.0 = Release|Any CPU
		{D55C3214-56C2-4985-859F-09483138F809}.Debug|Any CPU.ActiveCfg = Debug|Any CPU
		{D55C3214-56C2-4985-859F-09483138F809}.Debug|Any CPU.Build.0 = Debug|Any CPU
		{D55C3214-56C2-4985-859F-09483138F809}.Release|Any CPU.ActiveCfg = Release|Any CPU
		{D55C3214-56C2-4985-859F-09483138F809}.Release|Any CPU.Build.0 = Release|Any CPU
		{2A2AEC8E-84CE-455D-9DF1-700F1663FC85}.Debug|Any CPU.ActiveCfg = Debug|Any CPU
		{2A2AEC8E-84CE-455D-9DF1-700F1663FC85}.Debug|Any CPU.Build.0 = Debug|Any CPU
		{2A2AEC8E-84CE-455D-9DF1-700F1663FC85}.Release|Any CPU.ActiveCfg = Release|Any CPU
		{2A2AEC8E-84CE-455D-9DF1-700F1663FC85}.Release|Any CPU.Build.0 = Release|Any CPU
		{C11B8DA8-B1F7-4ADE-BDE7-41444A440747}.Debug|Any CPU.ActiveCfg = Debug|Any CPU
		{C11B8DA8-B1F7-4ADE-BDE7-41444A440747}.Debug|Any CPU.Build.0 = Debug|Any CPU
		{C11B8DA8-B1F7-4ADE-BDE7-41444A440747}.Release|Any CPU.ActiveCfg = Release|Any CPU
		{C11B8DA8-B1F7-4ADE-BDE7-41444A440747}.Release|Any CPU.Build.0 = Release|Any CPU
		{4CFBDC90-72F7-4A03-89BE-1724E6CBA95F}.Debug|Any CPU.ActiveCfg = Debug|Any CPU
		{4CFBDC90-72F7-4A03-89BE-1724E6CBA95F}.Debug|Any CPU.Build.0 = Debug|Any CPU
		{4CFBDC90-72F7-4A03-89BE-1724E6CBA95F}.Release|Any CPU.ActiveCfg = Release|Any CPU
		{4CFBDC90-72F7-4A03-89BE-1724E6CBA95F}.Release|Any CPU.Build.0 = Release|Any CPU
		{31A5B94E-B666-4099-A3CB-0233E6DF2FBE}.Debug|Any CPU.ActiveCfg = Debug|Any CPU
		{31A5B94E-B666-4099-A3CB-0233E6DF2FBE}.Debug|Any CPU.Build.0 = Debug|Any CPU
		{31A5B94E-B666-4099-A3CB-0233E6DF2FBE}.Release|Any CPU.ActiveCfg = Release|Any CPU
		{31A5B94E-B666-4099-A3CB-0233E6DF2FBE}.Release|Any CPU.Build.0 = Release|Any CPU
		{0649EF18-BD61-479C-8F0C-07C81C9F4946}.Debug|Any CPU.ActiveCfg = Debug|Any CPU
		{0649EF18-BD61-479C-8F0C-07C81C9F4946}.Debug|Any CPU.Build.0 = Debug|Any CPU
		{0649EF18-BD61-479C-8F0C-07C81C9F4946}.Release|Any CPU.ActiveCfg = Release|Any CPU
		{0649EF18-BD61-479C-8F0C-07C81C9F4946}.Release|Any CPU.Build.0 = Release|Any CPU
		{4B7C301C-82AE-4024-AA96-65AA8DFD4CBB}.Debug|Any CPU.ActiveCfg = Debug|Any CPU
		{4B7C301C-82AE-4024-AA96-65AA8DFD4CBB}.Debug|Any CPU.Build.0 = Debug|Any CPU
		{4B7C301C-82AE-4024-AA96-65AA8DFD4CBB}.Release|Any CPU.ActiveCfg = Release|Any CPU
		{4B7C301C-82AE-4024-AA96-65AA8DFD4CBB}.Release|Any CPU.Build.0 = Release|Any CPU
		{A67D0C81-4BD3-4A03-8933-617604EFAD80}.Debug|Any CPU.ActiveCfg = Debug|Any CPU
		{A67D0C81-4BD3-4A03-8933-617604EFAD80}.Debug|Any CPU.Build.0 = Debug|Any CPU
		{A67D0C81-4BD3-4A03-8933-617604EFAD80}.Release|Any CPU.ActiveCfg = Release|Any CPU
		{A67D0C81-4BD3-4A03-8933-617604EFAD80}.Release|Any CPU.Build.0 = Release|Any CPU
		{714E1811-7370-4572-8E61-275FBBBBB86D}.Debug|Any CPU.ActiveCfg = Debug|Any CPU
		{714E1811-7370-4572-8E61-275FBBBBB86D}.Debug|Any CPU.Build.0 = Debug|Any CPU
		{714E1811-7370-4572-8E61-275FBBBBB86D}.Release|Any CPU.ActiveCfg = Release|Any CPU
		{714E1811-7370-4572-8E61-275FBBBBB86D}.Release|Any CPU.Build.0 = Release|Any CPU
		{541EC810-5C14-4828-94BA-2B5647B9CC1D}.Debug|Any CPU.ActiveCfg = Debug|Any CPU
		{541EC810-5C14-4828-94BA-2B5647B9CC1D}.Debug|Any CPU.Build.0 = Debug|Any CPU
		{541EC810-5C14-4828-94BA-2B5647B9CC1D}.Release|Any CPU.ActiveCfg = Release|Any CPU
		{541EC810-5C14-4828-94BA-2B5647B9CC1D}.Release|Any CPU.Build.0 = Release|Any CPU
	EndGlobalSection
	GlobalSection(SolutionProperties) = preSolution
		HideSolutionNode = FALSE
	EndGlobalSection
	GlobalSection(NestedProjects) = preSolution
		{2A2AEC8E-84CE-455D-9DF1-700F1663FC85} = {DFA41455-D85F-4F56-AA9E-990F5C50AC8B}
		{31A5B94E-B666-4099-A3CB-0233E6DF2FBE} = {02EA681E-C7D8-13C7-8484-4AC65E1B71E8}
		{0649EF18-BD61-479C-8F0C-07C81C9F4946} = {02EA681E-C7D8-13C7-8484-4AC65E1B71E8}
		{4B7C301C-82AE-4024-AA96-65AA8DFD4CBB} = {02EA681E-C7D8-13C7-8484-4AC65E1B71E8}
		{A67D0C81-4BD3-4A03-8933-617604EFAD80} = {DFA41455-D85F-4F56-AA9E-990F5C50AC8B}
		{541EC810-5C14-4828-94BA-2B5647B9CC1D} = {02EA681E-C7D8-13C7-8484-4AC65E1B71E8}
	EndGlobalSection
	GlobalSection(ExtensibilityGlobals) = postSolution
		SolutionGuid = {46CC2C0B-EFA1-4B18-BE0C-A7935CBDA1A2}
	EndGlobalSection
EndGlobal
